{
  "name": "@work-bee/fallback",
  "version": "0.0.3",
  "lockfileVersion": 2,
  "requires": true,
  "packages": {
    "": {
      "name": "@work-bee/fallback",
      "version": "0.0.3",
      "license": "MIT",
      "dependencies": {
        "@work-bee/core": "0.0.3"
      },
      "funding": {
        "type": "github",
        "url": "https://github.com/sponsors/willfarrell"
      }
    },
    "../core": {
      "name": "@work-bee/core",
      "version": "0.0.1",
      "license": "MIT",
      "funding": {
        "type": "github",
        "url": "https://github.com/sponsors/willfarrell"
      }
    },
    "node_modules/@work-bee/core": {
      "resolved": "../core",
      "link": true
    }
  },
  "dependencies": {
    "@work-bee/core": {
      "version": "file:../core"
    }
  }
}
