{
  "name": "@work-bee/offline",
  "version": "0.0.1",
  "lockfileVersion": 2,
  "requires": true,
  "packages": {
    "": {
      "name": "@work-bee/offline",
      "version": "0.0.1",
      "license": "MIT",
      "dependencies": {
        "@work-bee/core": "0.0.1"
      }
    },
    "../core": {
      "name": "@work-bee/core",
      "version": "0.0.0",
      "license": "MIT"
    },
    "node_modules/@work-bee/core": {
      "resolved": "../core",
      "link": true
    }
  },
  "dependencies": {
    "@work-bee/core": {
      "version": "file:../core"
    }
  }
}
